// !$*UTF8*$!
{
	archiveVersion = 1;
	classes = {
	};
	objectVersion = 46;
	objects = {

/* Begin PBXBuildFile section */
		C25D70F71BC48ABE00678A32 /* AppDelegate.swift in Sources */ = {isa = PBXBuildFile; fileRef = C25D70F61BC48ABE00678A32 /* AppDelegate.swift */; };
		C25D70F91BC48ABE00678A32 /* ViewController.swift in Sources */ = {isa = PBXBuildFile; fileRef = C25D70F81BC48ABE00678A32 /* ViewController.swift */; };
		C25D70FC1BC48ABE00678A32 /* Main.storyboard in Resources */ = {isa = PBXBuildFile; fileRef = C25D70FA1BC48ABE00678A32 /* Main.storyboard */; };
		C25D70FE1BC48ABE00678A32 /* Assets.xcassets in Resources */ = {isa = PBXBuildFile; fileRef = C25D70FD1BC48ABE00678A32 /* Assets.xcassets */; };
		C25D71011BC48ABE00678A32 /* LaunchScreen.storyboard in Resources */ = {isa = PBXBuildFile; fileRef = C25D70FF1BC48ABE00678A32 /* LaunchScreen.storyboard */; };
		C25D71091BC48CC800678A32 /* MuelleModel.swift in Sources */ = {isa = PBXBuildFile; fileRef = C25D71081BC48CC800678A32 /* MuelleModel.swift */; };
		C25D710B1BC48CDD00678A32 /* MuelleView.swift in Sources */ = {isa = PBXBuildFile; fileRef = C25D710A1BC48CDD00678A32 /* MuelleView.swift */; };
/* End PBXBuildFile section */

/* Begin PBXFileReference section */
		C25D70F31BC48ABE00678A32 /* Muelle-P2.app */ = {isa = PBXFileReference; explicitFileType = wrapper.application; includeInIndex = 0; path = "Muelle-P2.app"; sourceTree = BUILT_PRODUCTS_DIR; };
		C25D70F61BC48ABE00678A32 /* AppDelegate.swift */ = {isa = PBXFileReference; lastKnownFileType = sourcecode.swift; path = AppDelegate.swift; sourceTree = "<group>"; };
		C25D70F81BC48ABE00678A32 /* ViewController.swift */ = {isa = PBXFileReference; lastKnownFileType = sourcecode.swift; path = ViewController.swift; sourceTree = "<group>"; };
		C25D70FB1BC48ABE00678A32 /* Base */ = {isa = PBXFileReference; lastKnownFileType = file.storyboard; name = Base; path = Base.lproj/Main.storyboard; sourceTree = "<group>"; };
		C25D70FD1BC48ABE00678A32 /* Assets.xcassets */ = {isa = PBXFileReference; lastKnownFileType = folder.assetcatalog; path = Assets.xcassets; sourceTree = "<group>"; };
		C25D71001BC48ABE00678A32 /* Base */ = {isa = PBXFileReference; lastKnownFileType = file.storyboard; name = Base; path = Base.lproj/LaunchScreen.storyboard; sourceTree = "<group>"; };
		C25D71021BC48ABE00678A32 /* Info.plist */ = {isa = PBXFileReference; lastKnownFileType = text.plist.xml; path = Info.plist; sourceTree = "<group>"; };
		C25D71081BC48CC800678A32 /* MuelleModel.swift */ = {isa = PBXFileReference; fileEncoding = 4; lastKnownFileType = sourcecode.swift; path = MuelleModel.swift; sourceTree = "<group>"; };
		C25D710A1BC48CDD00678A32 /* MuelleView.swift */ = {isa = PBXFileReference; fileEncoding = 4; lastKnownFileType = sourcecode.swift; path = MuelleView.swift; sourceTree = "<group>"; };
/* End PBXFileReference section */

/* Begin PBXFrameworksBuildPhase section */
		C25D70F01BC48ABE00678A32 /* Frameworks */ = {
			isa = PBXFrameworksBuildPhase;
			buildActionMask = 2147483647;
			files = (
			);
			runOnlyForDeploymentPostprocessing = 0;
		};
/* End PBXFrameworksBuildPhase section */

/* Begin PBXGroup section */
		C25D70EA1BC48ABE00678A32 = {
			isa = PBXGroup;
			children = (
				C25D70F51BC48ABE00678A32 /* Muelle-P2 */,
				C25D70F41BC48ABE00678A32 /* Products */,
			);
			sourceTree = "<group>";
		};
		C25D70F41BC48ABE00678A32 /* Products */ = {
			isa = PBXGroup;
			children = (
				C25D70F31BC48ABE00678A32 /* Muelle-P2.app */,
			);
			name = Products;
			sourceTree = "<group>";
		};
		C25D70F51BC48ABE00678A32 /* Muelle-P2 */ = {
			isa = PBXGroup;
			children = (
				C25D70F61BC48ABE00678A32 /* AppDelegate.swift */,
				C25D70F81BC48ABE00678A32 /* ViewController.swift */,
				C25D71081BC48CC800678A32 /* MuelleModel.swift */,
				C25D710A1BC48CDD00678A32 /* MuelleView.swift */,
				C25D70FA1BC48ABE00678A32 /* Main.storyboard */,
				C25D70FD1BC48ABE00678A32 /* Assets.xcassets */,
				C25D70FF1BC48ABE00678A32 /* LaunchScreen.storyboard */,
				C25D71021BC48ABE00678A32 /* Info.plist */,
			);
			path = "Muelle-P2";
			sourceTree = "<group>";
		};
/* End PBXGroup section */

/* Begin PBXNativeTarget section */
		C25D70F21BC48ABE00678A32 /* Muelle-P2 */ = {
			isa = PBXNativeTarget;
			buildConfigurationList = C25D71051BC48ABE00678A32 /* Build configuration list for PBXNativeTarget "Muelle-P2" */;
			buildPhases = (
				C25D70EF1BC48ABE00678A32 /* Sources */,
				C25D70F01BC48ABE00678A32 /* Frameworks */,
				C25D70F11BC48ABE00678A32 /* Resources */,
			);
			buildRules = (
			);
			dependencies = (
			);
			name = "Muelle-P2";
			productName = "Muelle-P2";
			productReference = C25D70F31BC48ABE00678A32 /* Muelle-P2.app */;
			productType = "com.apple.product-type.application";
		};
/* End PBXNativeTarget section */

/* Begin PBXProject section */
		C25D70EB1BC48ABE00678A32 /* Project object */ = {
			isa = PBXProject;
			attributes = {
				LastSwiftUpdateCheck = 0710;
				LastUpgradeCheck = 0700;
				ORGANIZATIONNAME = UPM;
				TargetAttributes = {
					C25D70F21BC48ABE00678A32 = {
						CreatedOnToolsVersion = 7.0.1;
					};
				};
			};
			buildConfigurationList = C25D70EE1BC48ABE00678A32 /* Build configuration list for PBXProject "Muelle-P2" */;
			compatibilityVersion = "Xcode 3.2";
			developmentRegion = English;
			hasScannedForEncodings = 0;
			knownRegions = (
				en,
				Base,
			);
			mainGroup = C25D70EA1BC48ABE00678A32;
			productRefGroup = C25D70F41BC48ABE00678A32 /* Products */;
			projectDirPath = "";
			projectRoot = "";
			targets = (
				C25D70F21BC48ABE00678A32 /* Muelle-P2 */,
			);
		};
/* End PBXProject section */

/* Begin PBXResourcesBuildPhase section */
		C25D70F11BC48ABE00678A32 /* Resources */ = {
			isa = PBXResourcesBuildPhase;
			buildActionMask = 2147483647;
			files = (
				C25D71011BC48ABE00678A32 /* LaunchScreen.storyboard in Resources */,
				C25D70FE1BC48ABE00678A32 /* Assets.xcassets in Resources */,
				C25D70FC1BC48ABE00678A32 /* Main.storyboard in Resources */,
			);
			runOnlyForDeploymentPostprocessing = 0;
		};
/* End PBXResourcesBuildPhase section */

/* Begin PBXSourcesBuildPhase section */
		C25D70EF1BC48ABE00678A32 /* Sources */ = {
			isa = PBXSourcesBuildPhase;
			buildActionMask = 2147483647;
			files = (
				C25D70F91BC48ABE00678A32 /* ViewController.swift in Sources */,
				C25D71091BC48CC800678A32 /* MuelleModel.swift in Sources */,
				C25D710B1BC48CDD00678A32 /* MuelleView.swift in Sources */,
				C25D70F71BC48ABE00678A32 /* AppDelegate.swift in Sources */,
			);
			runOnlyForDeploymentPostprocessing = 0;
		};
/* End PBXSourcesBuildPhase section */

/* Begin PBXVariantGroup section */
		C25D70FA1BC48ABE00678A32 /* Main.storyboard */ = {
			isa = PBXVariantGroup;
			children = (
				C25D70FB1BC48ABE00678A32 /* Base */,
			);
			name = Main.storyboard;
			sourceTree = "<group>";
		};
		C25D70FF1BC48ABE00678A32 /* LaunchScreen.storyboard */ = {
			isa = PBXVariantGroup;
			children = (
				C25D71001BC48ABE00678A32 /* Base */,
			);
			name = LaunchScreen.storyboard;
			sourceTree = "<group>";
		};
/* End PBXVariantGroup section */

/* Begin XCBuildConfiguration section */
		C25D71031BC48ABE00678A32 /* Debug */ = {
			isa = XCBuildConfiguration;
			buildSettings = {
				ALWAYS_SEARCH_USER_PATHS = NO;
				CLANG_CXX_LANGUAGE_STANDARD = "gnu++0x";
				CLANG_CXX_LIBRARY = "libc++";
				CLANG_ENABLE_MODULES = YES;
				CLANG_ENABLE_OBJC_ARC = YES;
				CLANG_WARN_BOOL_CONVERSION = YES;
				CLANG_WARN_CONSTANT_CONVERSION = YES;
				CLANG_WARN_DIRECT_OBJC_ISA_USAGE = YES_ERROR;
				CLANG_WARN_EMPTY_BODY = YES;
				CLANG_WARN_ENUM_CONVERSION = YES;
				CLANG_WARN_INT_CONVERSION = YES;
				CLANG_WARN_OBJC_ROOT_CLASS = YES_ERROR;
				CLANG_WARN_UNREACHABLE_CODE = YES;
				CLANG_WARN__DUPLICATE_METHOD_MATCH = YES;
				"CODE_SIGN_IDENTITY[sdk=iphoneos*]" = "iPhone Developer";
				COPY_PHASE_STRIP = NO;
				DEBUG_INFORMATION_FORMAT = dwarf;
				ENABLE_STRICT_OBJC_MSGSEND = YES;
				ENABLE_TESTABILITY = YES;
				GCC_C_LANGUAGE_STANDARD = gnu99;
				GCC_DYNAMIC_NO_PIC = NO;
				GCC_NO_COMMON_BLOCKS = YES;
				GCC_OPTIMIZATION_LEVEL = 0;
				GCC_PREPROCESSOR_DEFINITIONS = (
					"DEBUG=1",
					"$(inherited)",
				);
				GCC_WARN_64_TO_32_BIT_CONVERSION = YES;
				GCC_WARN_ABOUT_RETURN_TYPE = YES_ERROR;
				GCC_WARN_UNDECLARED_SELECTOR = YES;
				GCC_WARN_UNINITIALIZED_AUTOS = YES_AGGRESSIVE;
				GCC_WARN_UNUSED_FUNCTION = YES;
				GCC_WARN_UNUSED_VARIABLE = YES;
				IPHONEOS_DEPLOYMENT_TARGET = 9.0;
				MTL_ENABLE_DEBUG_INFO = YES;
				ONLY_ACTIVE_ARCH = YES;
				SDKROOT = iphoneos;
				SWIFT_OPTIMIZATION_LEVEL = "-Onone";
				TARGETED_DEVICE_FAMILY = "1,2";
			};
			name = Debug;
		};
		C25D71041BC48ABE00678A32 /* Release */ = {
			isa = XCBuildConfiguration;
			buildSettings = {
				ALWAYS_SEARCH_USER_PATHS = NO;
				CLANG_CXX_LANGUAGE_STANDARD = "gnu++0x";
				CLANG_CXX_LIBRARY = "libc++";
				CLANG_ENABLE_MODULES = YES;
				CLANG_ENABLE_OBJC_ARC = YES;
				CLANG_WARN_BOOL_CONVERSION = YES;
				CLANG_WARN_CONSTANT_CONVERSION = YES;
				CLANG_WARN_DIRECT_OBJC_ISA_USAGE = YES_ERROR;
				CLANG_WARN_EMPTY_BODY = YES;
				CLANG_WARN_ENUM_CONVERSION = YES;
				CLANG_WARN_INT_CONVERSION = YES;
				CLANG_WARN_OBJC_ROOT_CLASS = YES_ERROR;
				CLANG_WARN_UNREACHABLE_CODE = YES;
				CLANG_WARN__DUPLICATE_METHOD_MATCH = YES;
				"CODE_SIGN_IDENTITY[sdk=iphoneos*]" = "iPhone Developer";
				COPY_PHASE_STRIP = NO;
				DEBUG_INFORMATION_FORMAT = "dwarf-with-dsym";
				ENABLE_NS_ASSERTIONS = NO;
				ENABLE_STRICT_OBJC_MSGSEND = YES;
				GCC_C_LANGUAGE_STANDARD = gnu99;
				GCC_NO_COMMON_BLOCKS = YES;
				GCC_WARN_64_TO_32_BIT_CONVERSION = YES;
				GCC_WARN_ABOUT_RETURN_TYPE = YES_ERROR;
				GCC_WARN_UNDECLARED_SELECTOR = YES;
				GCC_WARN_UNINITIALIZED_AUTOS = YES_AGGRESSIVE;
				GCC_WARN_UNUSED_FUNCTION = YES;
				GCC_WARN_UNUSED_VARIABLE = YES;
				IPHONEOS_DEPLOYMENT_TARGET = 9.0;
				MTL_ENABLE_DEBUG_INFO = NO;
				SDKROOT = iphoneos;
				TARGETED_DEVICE_FAMILY = "1,2";
				VALIDATE_PRODUCT = YES;
			};
			name = Release;
		};
		C25D71061BC48ABE00678A32 /* Debug */ = {
			isa = XCBuildConfiguration;
			buildSettings = {
				ASSETCATALOG_COMPILER_APPICON_NAME = AppIcon;
				INFOPLIST_FILE = "Muelle-P2/Info.plist";
				LD_RUNPATH_SEARCH_PATHS = "$(inherited) @executable_path/Frameworks";
				PRODUCT_BUNDLE_IDENTIFIER = "es.upm.Muelle-P2";
				PRODUCT_NAME = "$(TARGET_NAME)";
			};
			name = Debug;
		};
		C25D71071BC48ABE00678A32 /* Release */ = {
			isa = XCBuildConfiguration;
			buildSettings = {
				ASSETCATALOG_COMPILER_APPICON_NAME = AppIcon;
				INFOPLIST_FILE = "Muelle-P2/Info.plist";
				LD_RUNPATH_SEARCH_PATHS = "$(inherited) @executable_path/Frameworks";
				PRODUCT_BUNDLE_IDENTIFIER = "es.upm.Muelle-P2";
				PRODUCT_NAME = "$(TARGET_NAME)";
			};
			name = Release;
		};
/* End XCBuildConfiguration section */

/* Begin XCConfigurationList section */
		C25D70EE1BC48ABE00678A32 /* Build configuration list for PBXProject "Muelle-P2" */ = {
			isa = XCConfigurationList;
			buildConfigurations = (
				C25D71031BC48ABE00678A32 /* Debug */,
				C25D71041BC48ABE00678A32 /* Release */,
			);
			defaultConfigurationIsVisible = 0;
			defaultConfigurationName = Release;
		};
		C25D71051BC48ABE00678A32 /* Build configuration list for PBXNativeTarget "Muelle-P2" */ = {
			isa = XCConfigurationList;
			buildConfigurations = (
				C25D71061BC48ABE00678A32 /* Debug */,
				C25D71071BC48ABE00678A32 /* Release */,
			);
			defaultConfigurationIsVisible = 0;
			defaultConfigurationName = Release;
		};
/* End XCConfigurationList section */
	};
	rootObject = C25D70EB1BC48ABE00678A32 /* Project object */;
}
